{
  "version": 4,
  "terraform_version": "1.1.8",
  "serial": 13,
  "lineage": "8670378b-d3e6-e6f6-bbe2-43809b4535c8",
  "outputs": {},
  "resources": [
    {
      "mode": "data",
      "type": "bitbucket_workspace",
      "name": "workspace_selected",
      "provider": "provider[\"registry.terraform.io/drfaust92/bitbucket\"]",
      "instances": [
        {
          "schema_version": 0,
          "attributes": {
            "id": "{2b316ed8-e9e9-4e9e-811e-aa6d1eeeb847}",
            "is_private": false,
            "name": "personnal",
            "slug": "personnal",
            "workspace": "personnal"
          },
          "sensitive_attributes": []
        }
      ]
    },
    {
      "mode": "managed",
      "type": "bitbucket_deployment",
      "name": "test",
      "provider": "provider[\"registry.terraform.io/drfaust92/bitbucket\"]",
      "instances": [
        {
          "schema_version": 0,
          "attributes": {
            "id": "warnerb47/terraformcode:{2113cc2e-14ef-4c3f-a1f2-c92a727e42be}",
            "name": "test",
            "repository": "warnerb47/terraformcode",
            "stage": "Test",
            "uuid": "{2113cc2e-14ef-4c3f-a1f2-c92a727e42be}"
          },
          "sensitive_attributes": [],
          "private": "bnVsbA==",
          "dependencies": [
            "bitbucket_repository.terraform_repository"
          ]
        }
      ]
    },
    {
      "mode": "managed",
      "type": "bitbucket_deployment_variable",
      "name": "port",
      "provider": "provider[\"registry.terraform.io/drfaust92/bitbucket\"]",
      "instances": [
        {
          "schema_version": 0,
          "attributes": {
            "deployment": "warnerb47/terraformcode:{2113cc2e-14ef-4c3f-a1f2-c92a727e42be}",
            "id": "{1593c9cd-47ed-4d1b-b4ee-694d92fbce4f}",
            "key": "PORT",
            "secured": false,
            "uuid": "{1593c9cd-47ed-4d1b-b4ee-694d92fbce4f}",
            "value": "5000"
          },
          "sensitive_attributes": [],
          "private": "bnVsbA==",
          "dependencies": [
            "bitbucket_deployment.test",
            "bitbucket_repository.terraform_repository"
          ]
        }
      ]
    },
    {
      "mode": "managed",
      "type": "bitbucket_project",
      "name": "terraform_project",
      "provider": "provider[\"registry.terraform.io/drfaust92/bitbucket\"]",
      "instances": [
        {
          "schema_version": 0,
          "attributes": {
            "description": "automate project, repositories and pipeline creation with terraform",
            "has_publicly_visible_repos": true,
            "id": "warnerb47/terraform",
            "is_private": false,
            "key": "terraform",
            "link": [
              {
                "avatar": [
                  {
                    "href": "https://bitbucket.org/account/user/warnerb47/projects/terraform/avatar/32?ts=1654755592"
                  }
                ]
              }
            ],
            "name": "terraform",
            "owner": "warnerb47",
            "uuid": "{40305297-dff7-48af-86e5-3e49d691bb65}"
          },
          "sensitive_attributes": [],
          "private": "bnVsbA=="
        }
      ]
    },
    {
      "mode": "managed",
      "type": "bitbucket_repository",
      "name": "terraform_repository",
      "provider": "provider[\"registry.terraform.io/drfaust92/bitbucket\"]",
      "instances": [
        {
          "schema_version": 0,
          "attributes": {
            "clone_https": "https://warnerb47@bitbucket.org/warnerb47/terraformcode.git",
            "clone_ssh": "git@bitbucket.org:warnerb47/terraformcode.git",
            "description": "this repository has been created with terraform",
            "fork_policy": "allow_forks",
            "has_issues": false,
            "has_wiki": false,
            "id": "warnerb47/terraformcode",
            "is_private": false,
            "language": "",
            "link": [
              {
                "avatar": [
                  {
                    "href": "https://bytebucket.org/ravatar/%7B37586623-1890-402e-9c1e-439f906dfc14%7D?ts=default"
                  }
                ]
              }
            ],
            "name": "terraformcode",
            "owner": "warnerb47",
            "pipelines_enabled": true,
            "project_key": "terraform",
            "scm": "git",
            "slug": "terraformcode",
            "uuid": "{37586623-1890-402e-9c1e-439f906dfc14}",
            "website": null
          },
          "sensitive_attributes": [],
          "private": "bnVsbA=="
        }
      ]
    },
    {
      "mode": "managed",
      "type": "bitbucket_repository_variable",
      "name": "debug",
      "provider": "provider[\"registry.terraform.io/drfaust92/bitbucket\"]",
      "instances": [
        {
          "schema_version": 0,
          "attributes": {
            "id": "DEBUG",
            "key": "DEBUG",
            "repository": "warnerb47/terraformcode",
            "secured": false,
            "uuid": "{36ab0ce4-667c-4e9e-89df-17d5bec73b34}",
            "value": "true"
          },
          "sensitive_attributes": [],
          "private": "bnVsbA==",
          "dependencies": [
            "bitbucket_repository.terraform_repository"
          ]
        }
      ]
    }
  ]
}
